// !$*UTF8*$!
{
	archiveVersion = 1;
	classes = {
	};
	objectVersion = 77;
	objects = {

/* Begin PBXBuildFile section */
		4DA600202D33B547001B9357 /* FriendVCCell.swift in Sources */ = {isa = PBXBuildFile; fileRef = 4DA6001E2D33B547001B9357 /* FriendVCCell.swift */; };
		4DA600212D33B547001B9357 /* FriendVCCell.xib in Resources */ = {isa = PBXBuildFile; fileRef = 4DA6001F2D33B547001B9357 /* FriendVCCell.xib */; };
		4DA600242D33B557001B9357 /* UserVCCell.swift in Sources */ = {isa = PBXBuildFile; fileRef = 4DA600222D33B557001B9357 /* UserVCCell.swift */; };
		4DA600252D33B557001B9357 /* UserVCCell.xib in Resources */ = {isa = PBXBuildFile; fileRef = 4DA600232D33B557001B9357 /* UserVCCell.xib */; };
		4DA6FE3B2D32AA4E001B9357 /* ChattingData.swift in Sources */ = {isa = PBXBuildFile; fileRef = 4DA6FE2D2D32AA4E001B9357 /* ChattingData.swift */; };
		4DA6FE3C2D32AA4E001B9357 /* AppDelegate.swift in Sources */ = {isa = PBXBuildFile; fileRef = 4DA6FE2F2D32AA4E001B9357 /* AppDelegate.swift */; };
		4DA6FE3D2D32AA4E001B9357 /* MainViewController.swift in Sources */ = {isa = PBXBuildFile; fileRef = 4DA6FE362D32AA4E001B9357 /* MainViewController.swift */; };
		4DA6FE3E2D32AA4E001B9357 /* OnePersonTalkCVCell.swift in Sources */ = {isa = PBXBuildFile; fileRef = 4DA6FE372D32AA4E001B9357 /* OnePersonTalkCVCell.swift */; };
		4DA6FE3F2D32AA4E001B9357 /* SceneDelegate.swift in Sources */ = {isa = PBXBuildFile; fileRef = 4DA6FE392D32AA4E001B9357 /* SceneDelegate.swift */; };
		4DA6FE402D32AA4E001B9357 /* Assets.xcassets in Resources */ = {isa = PBXBuildFile; fileRef = 4DA6FE302D32AA4E001B9357 /* Assets.xcassets */; };
		4DA6FE422D32AA4E001B9357 /* LaunchScreen.storyboard in Resources */ = {isa = PBXBuildFile; fileRef = 4DA6FE332D32AA4E001B9357 /* LaunchScreen.storyboard */; };
		4DA6FE432D32AA4E001B9357 /* Main.storyboard in Resources */ = {isa = PBXBuildFile; fileRef = 4DA6FE352D32AA4E001B9357 /* Main.storyboard */; };
		4DA6FE442D32AA4E001B9357 /* OnePersonTalkCVCell.xib in Resources */ = {isa = PBXBuildFile; fileRef = 4DA6FE382D32AA4E001B9357 /* OnePersonTalkCVCell.xib */; };
		4DA6FE4A2D32AA8D001B9357 /* TwoPersonTalkCVCell.xib in Resources */ = {isa = PBXBuildFile; fileRef = 4DA6FE492D32AA8D001B9357 /* TwoPersonTalkCVCell.xib */; };
		4DA6FE4B2D32AA8D001B9357 /* TwoPersonTalkCVCell.swift in Sources */ = {isa = PBXBuildFile; fileRef = 4DA6FE482D32AA8D001B9357 /* TwoPersonTalkCVCell.swift */; };
		4DA6FE4E2D32AA99001B9357 /* ThreePersonTalkCVCell.swift in Sources */ = {isa = PBXBuildFile; fileRef = 4DA6FE4C2D32AA99001B9357 /* ThreePersonTalkCVCell.swift */; };
		4DA6FE4F2D32AA99001B9357 /* ThreePersonTalkCVCell.xib in Resources */ = {isa = PBXBuildFile; fileRef = 4DA6FE4D2D32AA99001B9357 /* ThreePersonTalkCVCell.xib */; };
		4DA6FE522D32AAB0001B9357 /* FourPersonTalkCVCell.swift in Sources */ = {isa = PBXBuildFile; fileRef = 4DA6FE502D32AAB0001B9357 /* FourPersonTalkCVCell.swift */; };
		4DA6FE532D32AAB0001B9357 /* FourPersonTalkCVCell.xib in Resources */ = {isa = PBXBuildFile; fileRef = 4DA6FE512D32AAB0001B9357 /* FourPersonTalkCVCell.xib */; };
		4DA6FE772D32B861001B9357 /* ChatViewController.swift in Sources */ = {isa = PBXBuildFile; fileRef = 4DA6FE762D32B861001B9357 /* ChatViewController.swift */; };
/* End PBXBuildFile section */

/* Begin PBXFileReference section */
		4DA6001E2D33B547001B9357 /* FriendVCCell.swift */ = {isa = PBXFileReference; lastKnownFileType = sourcecode.swift; path = FriendVCCell.swift; sourceTree = "<group>"; };
		4DA6001F2D33B547001B9357 /* FriendVCCell.xib */ = {isa = PBXFileReference; lastKnownFileType = file.xib; path = FriendVCCell.xib; sourceTree = "<group>"; };
		4DA600222D33B557001B9357 /* UserVCCell.swift */ = {isa = PBXFileReference; lastKnownFileType = sourcecode.swift; path = UserVCCell.swift; sourceTree = "<group>"; };
		4DA600232D33B557001B9357 /* UserVCCell.xib */ = {isa = PBXFileReference; lastKnownFileType = file.xib; path = UserVCCell.xib; sourceTree = "<group>"; };
		4DA6FDE42D329D5D001B9357 /* TRAVELTALK.app */ = {isa = PBXFileReference; explicitFileType = wrapper.application; includeInIndex = 0; path = TRAVELTALK.app; sourceTree = BUILT_PRODUCTS_DIR; };
		4DA6FE2D2D32AA4E001B9357 /* ChattingData.swift */ = {isa = PBXFileReference; lastKnownFileType = sourcecode.swift; path = ChattingData.swift; sourceTree = "<group>"; };
		4DA6FE2F2D32AA4E001B9357 /* AppDelegate.swift */ = {isa = PBXFileReference; lastKnownFileType = sourcecode.swift; path = AppDelegate.swift; sourceTree = "<group>"; };
		4DA6FE302D32AA4E001B9357 /* Assets.xcassets */ = {isa = PBXFileReference; lastKnownFileType = folder.assetcatalog; path = Assets.xcassets; sourceTree = "<group>"; };
		4DA6FE312D32AA4E001B9357 /* Info.plist */ = {isa = PBXFileReference; lastKnownFileType = text.plist.xml; path = Info.plist; sourceTree = "<group>"; };
		4DA6FE322D32AA4E001B9357 /* Base */ = {isa = PBXFileReference; lastKnownFileType = file.storyboard; name = Base; path = Base.lproj/LaunchScreen.storyboard; sourceTree = "<group>"; };
		4DA6FE342D32AA4E001B9357 /* Base */ = {isa = PBXFileReference; lastKnownFileType = file.storyboard; name = Base; path = Base.lproj/Main.storyboard; sourceTree = "<group>"; };
		4DA6FE362D32AA4E001B9357 /* MainViewController.swift */ = {isa = PBXFileReference; lastKnownFileType = sourcecode.swift; path = MainViewController.swift; sourceTree = "<group>"; };
		4DA6FE372D32AA4E001B9357 /* OnePersonTalkCVCell.swift */ = {isa = PBXFileReference; lastKnownFileType = sourcecode.swift; path = OnePersonTalkCVCell.swift; sourceTree = "<group>"; };
		4DA6FE382D32AA4E001B9357 /* OnePersonTalkCVCell.xib */ = {isa = PBXFileReference; lastKnownFileType = file.xib; path = OnePersonTalkCVCell.xib; sourceTree = "<group>"; };
		4DA6FE392D32AA4E001B9357 /* SceneDelegate.swift */ = {isa = PBXFileReference; lastKnownFileType = sourcecode.swift; path = SceneDelegate.swift; sourceTree = "<group>"; };
		4DA6FE482D32AA8D001B9357 /* TwoPersonTalkCVCell.swift */ = {isa = PBXFileReference; lastKnownFileType = sourcecode.swift; path = TwoPersonTalkCVCell.swift; sourceTree = "<group>"; };
		4DA6FE492D32AA8D001B9357 /* TwoPersonTalkCVCell.xib */ = {isa = PBXFileReference; lastKnownFileType = file.xib; path = TwoPersonTalkCVCell.xib; sourceTree = "<group>"; };
		4DA6FE4C2D32AA99001B9357 /* ThreePersonTalkCVCell.swift */ = {isa = PBXFileReference; lastKnownFileType = sourcecode.swift; path = ThreePersonTalkCVCell.swift; sourceTree = "<group>"; };
		4DA6FE4D2D32AA99001B9357 /* ThreePersonTalkCVCell.xib */ = {isa = PBXFileReference; lastKnownFileType = file.xib; path = ThreePersonTalkCVCell.xib; sourceTree = "<group>"; };
		4DA6FE502D32AAB0001B9357 /* FourPersonTalkCVCell.swift */ = {isa = PBXFileReference; lastKnownFileType = sourcecode.swift; path = FourPersonTalkCVCell.swift; sourceTree = "<group>"; };
		4DA6FE512D32AAB0001B9357 /* FourPersonTalkCVCell.xib */ = {isa = PBXFileReference; lastKnownFileType = file.xib; path = FourPersonTalkCVCell.xib; sourceTree = "<group>"; };
		4DA6FE762D32B861001B9357 /* ChatViewController.swift */ = {isa = PBXFileReference; lastKnownFileType = sourcecode.swift; path = ChatViewController.swift; sourceTree = "<group>"; };
/* End PBXFileReference section */

/* Begin PBXFrameworksBuildPhase section */
		4DA6FDE12D329D5D001B9357 /* Frameworks */ = {
			isa = PBXFrameworksBuildPhase;
			buildActionMask = 2147483647;
			files = (
			);
			runOnlyForDeploymentPostprocessing = 0;
		};
/* End PBXFrameworksBuildPhase section */

/* Begin PBXGroup section */
		4DA6001D2D33B517001B9357 /* chatCell */ = {
			isa = PBXGroup;
			children = (
				4DA6001E2D33B547001B9357 /* FriendVCCell.swift */,
				4DA6001F2D33B547001B9357 /* FriendVCCell.xib */,
				4DA600222D33B557001B9357 /* UserVCCell.swift */,
				4DA600232D33B557001B9357 /* UserVCCell.xib */,
			);
			path = chatCell;
			sourceTree = "<group>";
		};
		4DA6FDDB2D329D5D001B9357 = {
			isa = PBXGroup;
			children = (
				4DA6FE3A2D32AA4E001B9357 /* TRAVELTALK */,
				4DA6FDE52D329D5D001B9357 /* Products */,
			);
			sourceTree = "<group>";
		};
		4DA6FDE52D329D5D001B9357 /* Products */ = {
			isa = PBXGroup;
			children = (
				4DA6FDE42D329D5D001B9357 /* TRAVELTALK.app */,
			);
			name = Products;
			sourceTree = "<group>";
		};
		4DA6FE2E2D32AA4E001B9357 /* dummyData */ = {
			isa = PBXGroup;
			children = (
				4DA6FE2D2D32AA4E001B9357 /* ChattingData.swift */,
			);
			path = dummyData;
			sourceTree = "<group>";
		};
		4DA6FE3A2D32AA4E001B9357 /* TRAVELTALK */ = {
			isa = PBXGroup;
			children = (
				4DA6FE2E2D32AA4E001B9357 /* dummyData */,
				4DA6FE2F2D32AA4E001B9357 /* AppDelegate.swift */,
				4DA6FE392D32AA4E001B9357 /* SceneDelegate.swift */,
				4DA6FE302D32AA4E001B9357 /* Assets.xcassets */,
				4DA6FE312D32AA4E001B9357 /* Info.plist */,
				4DA6FE332D32AA4E001B9357 /* LaunchScreen.storyboard */,
				4DA6FE352D32AA4E001B9357 /* Main.storyboard */,
				4DA6FE762D32B861001B9357 /* ChatViewController.swift */,
				4DA6FE362D32AA4E001B9357 /* MainViewController.swift */,
				4DA6FE452D32AA59001B9357 /* CollectionViewCell */,
				4DA6001D2D33B517001B9357 /* chatCell */,
			);
			path = TRAVELTALK;
			sourceTree = "<group>";
		};
		4DA6FE452D32AA59001B9357 /* CollectionViewCell */ = {
			isa = PBXGroup;
			children = (
				4DA6FE372D32AA4E001B9357 /* OnePersonTalkCVCell.swift */,
				4DA6FE382D32AA4E001B9357 /* OnePersonTalkCVCell.xib */,
				4DA6FE482D32AA8D001B9357 /* TwoPersonTalkCVCell.swift */,
				4DA6FE492D32AA8D001B9357 /* TwoPersonTalkCVCell.xib */,
				4DA6FE4C2D32AA99001B9357 /* ThreePersonTalkCVCell.swift */,
				4DA6FE4D2D32AA99001B9357 /* ThreePersonTalkCVCell.xib */,
				4DA6FE502D32AAB0001B9357 /* FourPersonTalkCVCell.swift */,
				4DA6FE512D32AAB0001B9357 /* FourPersonTalkCVCell.xib */,
			);
			path = CollectionViewCell;
			sourceTree = "<group>";
		};
/* End PBXGroup section */

/* Begin PBXNativeTarget section */
		4DA6FDE32D329D5D001B9357 /* TRAVELTALK */ = {
			isa = PBXNativeTarget;
			buildConfigurationList = 4DA6FDF72D329D5E001B9357 /* Build configuration list for PBXNativeTarget "TRAVELTALK" */;
			buildPhases = (
				4DA6FDE02D329D5D001B9357 /* Sources */,
				4DA6FDE12D329D5D001B9357 /* Frameworks */,
				4DA6FDE22D329D5D001B9357 /* Resources */,
			);
			buildRules = (
			);
			dependencies = (
			);
			name = TRAVELTALK;
			packageProductDependencies = (
			);
			productName = TRAVELTALK;
			productReference = 4DA6FDE42D329D5D001B9357 /* TRAVELTALK.app */;
			productType = "com.apple.product-type.application";
		};
/* End PBXNativeTarget section */

/* Begin PBXProject section */
		4DA6FDDC2D329D5D001B9357 /* Project object */ = {
			isa = PBXProject;
			attributes = {
				BuildIndependentTargetsInParallel = 1;
				LastSwiftUpdateCheck = 1600;
				LastUpgradeCheck = 1600;
				TargetAttributes = {
					4DA6FDE32D329D5D001B9357 = {
						CreatedOnToolsVersion = 16.0;
					};
				};
			};
			buildConfigurationList = 4DA6FDDF2D329D5D001B9357 /* Build configuration list for PBXProject "TRAVELTALK" */;
			developmentRegion = en;
			hasScannedForEncodings = 0;
			knownRegions = (
				en,
				Base,
			);
			mainGroup = 4DA6FDDB2D329D5D001B9357;
			minimizedProjectReferenceProxies = 1;
			preferredProjectObjectVersion = 77;
			productRefGroup = 4DA6FDE52D329D5D001B9357 /* Products */;
			projectDirPath = "";
			projectRoot = "";
			targets = (
				4DA6FDE32D329D5D001B9357 /* TRAVELTALK */,
			);
		};
/* End PBXProject section */

/* Begin PBXResourcesBuildPhase section */
		4DA6FDE22D329D5D001B9357 /* Resources */ = {
			isa = PBXResourcesBuildPhase;
			buildActionMask = 2147483647;
			files = (
				4DA6FE4F2D32AA99001B9357 /* ThreePersonTalkCVCell.xib in Resources */,
				4DA6FE402D32AA4E001B9357 /* Assets.xcassets in Resources */,
				4DA6FE422D32AA4E001B9357 /* LaunchScreen.storyboard in Resources */,
				4DA6FE4A2D32AA8D001B9357 /* TwoPersonTalkCVCell.xib in Resources */,
				4DA600252D33B557001B9357 /* UserVCCell.xib in Resources */,
				4DA600212D33B547001B9357 /* FriendVCCell.xib in Resources */,
				4DA6FE432D32AA4E001B9357 /* Main.storyboard in Resources */,
				4DA6FE442D32AA4E001B9357 /* OnePersonTalkCVCell.xib in Resources */,
				4DA6FE532D32AAB0001B9357 /* FourPersonTalkCVCell.xib in Resources */,
			);
			runOnlyForDeploymentPostprocessing = 0;
		};
/* End PBXResourcesBuildPhase section */

/* Begin PBXSourcesBuildPhase section */
		4DA6FDE02D329D5D001B9357 /* Sources */ = {
			isa = PBXSourcesBuildPhase;
			buildActionMask = 2147483647;
			files = (
				4DA6FE3B2D32AA4E001B9357 /* ChattingData.swift in Sources */,
				4DA6FE4E2D32AA99001B9357 /* ThreePersonTalkCVCell.swift in Sources */,
				4DA6FE3C2D32AA4E001B9357 /* AppDelegate.swift in Sources */,
				4DA6FE3D2D32AA4E001B9357 /* MainViewController.swift in Sources */,
				4DA6FE3E2D32AA4E001B9357 /* OnePersonTalkCVCell.swift in Sources */,
				4DA600242D33B557001B9357 /* UserVCCell.swift in Sources */,
				4DA6FE522D32AAB0001B9357 /* FourPersonTalkCVCell.swift in Sources */,
				4DA600202D33B547001B9357 /* FriendVCCell.swift in Sources */,
				4DA6FE4B2D32AA8D001B9357 /* TwoPersonTalkCVCell.swift in Sources */,
				4DA6FE772D32B861001B9357 /* ChatViewController.swift in Sources */,
				4DA6FE3F2D32AA4E001B9357 /* SceneDelegate.swift in Sources */,
			);
			runOnlyForDeploymentPostprocessing = 0;
		};
/* End PBXSourcesBuildPhase section */

/* Begin PBXVariantGroup section */
		4DA6FE332D32AA4E001B9357 /* LaunchScreen.storyboard */ = {
			isa = PBXVariantGroup;
			children = (
				4DA6FE322D32AA4E001B9357 /* Base */,
			);
			name = LaunchScreen.storyboard;
			sourceTree = "<group>";
		};
		4DA6FE352D32AA4E001B9357 /* Main.storyboard */ = {
			isa = PBXVariantGroup;
			children = (
				4DA6FE342D32AA4E001B9357 /* Base */,
			);
			name = Main.storyboard;
			sourceTree = "<group>";
		};
/* End PBXVariantGroup section */

/* Begin XCBuildConfiguration section */
		4DA6FDF82D329D5E001B9357 /* Debug */ = {
			isa = XCBuildConfiguration;
			buildSettings = {
				ASSETCATALOG_COMPILER_APPICON_NAME = AppIcon;
				ASSETCATALOG_COMPILER_GLOBAL_ACCENT_COLOR_NAME = AccentColor;
				CODE_SIGN_STYLE = Automatic;
				CURRENT_PROJECT_VERSION = 1;
				DEVELOPMENT_TEAM = Z388Z4UCTV;
				GENERATE_INFOPLIST_FILE = YES;
				INFOPLIST_FILE = TRAVELTALK/Info.plist;
				INFOPLIST_KEY_UIApplicationSupportsIndirectInputEvents = YES;
				INFOPLIST_KEY_UILaunchStoryboardName = LaunchScreen;
				INFOPLIST_KEY_UIMainStoryboardFile = Main;
				INFOPLIST_KEY_UISupportedInterfaceOrientations_iPad = "UIInterfaceOrientationPortrait UIInterfaceOrientationPortraitUpsideDown UIInterfaceOrientationLandscapeLeft UIInterfaceOrientationLandscapeRight";
				INFOPLIST_KEY_UISupportedInterfaceOrientations_iPhone = "UIInterfaceOrientationPortrait UIInterfaceOrientationLandscapeLeft UIInterfaceOrientationLandscapeRight";
				LD_RUNPATH_SEARCH_PATHS = (
					"$(inherited)",
					"@executable_path/Frameworks",
				);
				MARKETING_VERSION = 1.0;
				PRODUCT_BUNDLE_IDENTIFIER = com.kwonws.TRAVELTALK;
				PRODUCT_NAME = "$(TARGET_NAME)";
				SWIFT_EMIT_LOC_STRINGS = YES;
				SWIFT_VERSION = 5.0;
				TARGETED_DEVICE_FAMILY = "1,2";
			};
			name = Debug;
		};
		4DA6FDF92D329D5E001B9357 /* Release */ = {
			isa = XCBuildConfiguration;
			buildSettings = {
				ASSETCATALOG_COMPILER_APPICON_NAME = AppIcon;
				ASSETCATALOG_COMPILER_GLOBAL_ACCENT_COLOR_NAME = AccentColor;
				CODE_SIGN_STYLE = Automatic;
				CURRENT_PROJECT_VERSION = 1;
				DEVELOPMENT_TEAM = Z388Z4UCTV;
				GENERATE_INFOPLIST_FILE = YES;
				INFOPLIST_FILE = TRAVELTALK/Info.plist;
				INFOPLIST_KEY_UIApplicationSupportsIndirectInputEvents = YES;
				INFOPLIST_KEY_UILaunchStoryboardName = LaunchScreen;
				INFOPLIST_KEY_UIMainStoryboardFile = Main;
				INFOPLIST_KEY_UISupportedInterfaceOrientations_iPad = "UIInterfaceOrientationPortrait UIInterfaceOrientationPortraitUpsideDown UIInterfaceOrientationLandscapeLeft UIInterfaceOrientationLandscapeRight";
				INFOPLIST_KEY_UISupportedInterfaceOrientations_iPhone = "UIInterfaceOrientationPortrait UIInterfaceOrientationLandscapeLeft UIInterfaceOrientationLandscapeRight";
				LD_RUNPATH_SEARCH_PATHS = (
					"$(inherited)",
					"@executable_path/Frameworks",
				);
				MARKETING_VERSION = 1.0;
				PRODUCT_BUNDLE_IDENTIFIER = com.kwonws.TRAVELTALK;
				PRODUCT_NAME = "$(TARGET_NAME)";
				SWIFT_EMIT_LOC_STRINGS = YES;
				SWIFT_VERSION = 5.0;
				TARGETED_DEVICE_FAMILY = "1,2";
			};
			name = Release;
		};
		4DA6FDFA2D329D5E001B9357 /* Debug */ = {
			isa = XCBuildConfiguration;
			buildSettings = {
				ALWAYS_SEARCH_USER_PATHS = NO;
				ASSETCATALOG_COMPILER_GENERATE_SWIFT_ASSET_SYMBOL_EXTENSIONS = YES;
				CLANG_ANALYZER_NONNULL = YES;
				CLANG_ANALYZER_NUMBER_OBJECT_CONVERSION = YES_AGGRESSIVE;
				CLANG_CXX_LANGUAGE_STANDARD = "gnu++20";
				CLANG_ENABLE_MODULES = YES;
				CLANG_ENABLE_OBJC_ARC = YES;
				CLANG_ENABLE_OBJC_WEAK = YES;
				CLANG_WARN_BLOCK_CAPTURE_AUTORELEASING = YES;
				CLANG_WARN_BOOL_CONVERSION = YES;
				CLANG_WARN_COMMA = YES;
				CLANG_WARN_CONSTANT_CONVERSION = YES;
				CLANG_WARN_DEPRECATED_OBJC_IMPLEMENTATIONS = YES;
				CLANG_WARN_DIRECT_OBJC_ISA_USAGE = YES_ERROR;
				CLANG_WARN_DOCUMENTATION_COMMENTS = YES;
				CLANG_WARN_EMPTY_BODY = YES;
				CLANG_WARN_ENUM_CONVERSION = YES;
				CLANG_WARN_INFINITE_RECURSION = YES;
				CLANG_WARN_INT_CONVERSION = YES;
				CLANG_WARN_NON_LITERAL_NULL_CONVERSION = YES;
				CLANG_WARN_OBJC_IMPLICIT_RETAIN_SELF = YES;
				CLANG_WARN_OBJC_LITERAL_CONVERSION = YES;
				CLANG_WARN_OBJC_ROOT_CLASS = YES_ERROR;
				CLANG_WARN_QUOTED_INCLUDE_IN_FRAMEWORK_HEADER = YES;
				CLANG_WARN_RANGE_LOOP_ANALYSIS = YES;
				CLANG_WARN_STRICT_PROTOTYPES = YES;
				CLANG_WARN_SUSPICIOUS_MOVE = YES;
				CLANG_WARN_UNGUARDED_AVAILABILITY = YES_AGGRESSIVE;
				CLANG_WARN_UNREACHABLE_CODE = YES;
				CLANG_WARN__DUPLICATE_METHOD_MATCH = YES;
				COPY_PHASE_STRIP = NO;
				DEBUG_INFORMATION_FORMAT = dwarf;
				ENABLE_STRICT_OBJC_MSGSEND = YES;
				ENABLE_TESTABILITY = YES;
				ENABLE_USER_SCRIPT_SANDBOXING = YES;
				GCC_C_LANGUAGE_STANDARD = gnu17;
				GCC_DYNAMIC_NO_PIC = NO;
				GCC_NO_COMMON_BLOCKS = YES;
				GCC_OPTIMIZATION_LEVEL = 0;
				GCC_PREPROCESSOR_DEFINITIONS = (
					"DEBUG=1",
					"$(inherited)",
				);
				GCC_WARN_64_TO_32_BIT_CONVERSION = YES;
				GCC_WARN_ABOUT_RETURN_TYPE = YES_ERROR;
				GCC_WARN_UNDECLARED_SELECTOR = YES;
				GCC_WARN_UNINITIALIZED_AUTOS = YES_AGGRESSIVE;
				GCC_WARN_UNUSED_FUNCTION = YES;
				GCC_WARN_UNUSED_VARIABLE = YES;
				IPHONEOS_DEPLOYMENT_TARGET = 18.0;
				LOCALIZATION_PREFERS_STRING_CATALOGS = YES;
				MTL_ENABLE_DEBUG_INFO = INCLUDE_SOURCE;
				MTL_FAST_MATH = YES;
				ONLY_ACTIVE_ARCH = YES;
				SDKROOT = iphoneos;
				SWIFT_ACTIVE_COMPILATION_CONDITIONS = "DEBUG $(inherited)";
				SWIFT_OPTIMIZATION_LEVEL = "-Onone";
			};
			name = Debug;
		};
		4DA6FDFB2D329D5E001B9357 /* Release */ = {
			isa = XCBuildConfiguration;
			buildSettings = {
				ALWAYS_SEARCH_USER_PATHS = NO;
				ASSETCATALOG_COMPILER_GENERATE_SWIFT_ASSET_SYMBOL_EXTENSIONS = YES;
				CLANG_ANALYZER_NONNULL = YES;
				CLANG_ANALYZER_NUMBER_OBJECT_CONVERSION = YES_AGGRESSIVE;
				CLANG_CXX_LANGUAGE_STANDARD = "gnu++20";
				CLANG_ENABLE_MODULES = YES;
				CLANG_ENABLE_OBJC_ARC = YES;
				CLANG_ENABLE_OBJC_WEAK = YES;
				CLANG_WARN_BLOCK_CAPTURE_AUTORELEASING = YES;
				CLANG_WARN_BOOL_CONVERSION = YES;
				CLANG_WARN_COMMA = YES;
				CLANG_WARN_CONSTANT_CONVERSION = YES;
				CLANG_WARN_DEPRECATED_OBJC_IMPLEMENTATIONS = YES;
				CLANG_WARN_DIRECT_OBJC_ISA_USAGE = YES_ERROR;
				CLANG_WARN_DOCUMENTATION_COMMENTS = YES;
				CLANG_WARN_EMPTY_BODY = YES;
				CLANG_WARN_ENUM_CONVERSION = YES;
				CLANG_WARN_INFINITE_RECURSION = YES;
				CLANG_WARN_INT_CONVERSION = YES;
				CLANG_WARN_NON_LITERAL_NULL_CONVERSION = YES;
				CLANG_WARN_OBJC_IMPLICIT_RETAIN_SELF = YES;
				CLANG_WARN_OBJC_LITERAL_CONVERSION = YES;
				CLANG_WARN_OBJC_ROOT_CLASS = YES_ERROR;
				CLANG_WARN_QUOTED_INCLUDE_IN_FRAMEWORK_HEADER = YES;
				CLANG_WARN_RANGE_LOOP_ANALYSIS = YES;
				CLANG_WARN_STRICT_PROTOTYPES = YES;
				CLANG_WARN_SUSPICIOUS_MOVE = YES;
				CLANG_WARN_UNGUARDED_AVAILABILITY = YES_AGGRESSIVE;
				CLANG_WARN_UNREACHABLE_CODE = YES;
				CLANG_WARN__DUPLICATE_METHOD_MATCH = YES;
				COPY_PHASE_STRIP = NO;
				DEBUG_INFORMATION_FORMAT = "dwarf-with-dsym";
				ENABLE_NS_ASSERTIONS = NO;
				ENABLE_STRICT_OBJC_MSGSEND = YES;
				ENABLE_USER_SCRIPT_SANDBOXING = YES;
				GCC_C_LANGUAGE_STANDARD = gnu17;
				GCC_NO_COMMON_BLOCKS = YES;
				GCC_WARN_64_TO_32_BIT_CONVERSION = YES;
				GCC_WARN_ABOUT_RETURN_TYPE = YES_ERROR;
				GCC_WARN_UNDECLARED_SELECTOR = YES;
				GCC_WARN_UNINITIALIZED_AUTOS = YES_AGGRESSIVE;
				GCC_WARN_UNUSED_FUNCTION = YES;
				GCC_WARN_UNUSED_VARIABLE = YES;
				IPHONEOS_DEPLOYMENT_TARGET = 18.0;
				LOCALIZATION_PREFERS_STRING_CATALOGS = YES;
				MTL_ENABLE_DEBUG_INFO = NO;
				MTL_FAST_MATH = YES;
				SDKROOT = iphoneos;
				SWIFT_COMPILATION_MODE = wholemodule;
				VALIDATE_PRODUCT = YES;
			};
			name = Release;
		};
/* End XCBuildConfiguration section */

/* Begin XCConfigurationList section */
		4DA6FDDF2D329D5D001B9357 /* Build configuration list for PBXProject "TRAVELTALK" */ = {
			isa = XCConfigurationList;
			buildConfigurations = (
				4DA6FDFA2D329D5E001B9357 /* Debug */,
				4DA6FDFB2D329D5E001B9357 /* Release */,
			);
			defaultConfigurationIsVisible = 0;
			defaultConfigurationName = Release;
		};
		4DA6FDF72D329D5E001B9357 /* Build configuration list for PBXNativeTarget "TRAVELTALK" */ = {
			isa = XCConfigurationList;
			buildConfigurations = (
				4DA6FDF82D329D5E001B9357 /* Debug */,
				4DA6FDF92D329D5E001B9357 /* Release */,
			);
			defaultConfigurationIsVisible = 0;
			defaultConfigurationName = Release;
		};
/* End XCConfigurationList section */
	};
	rootObject = 4DA6FDDC2D329D5D001B9357 /* Project object */;
}
